
Microsoft Visual Studio Solution File, Format Version 12.00
# Visual Studio Version 16
VisualStudioVersion = 16.0.29728.190
MinimumVisualStudioVersion = 10.0.40219.1
Project("{FAE04EC0-301F-11D3-BF4B-00C04F79EFBC}") = "Gatito", "Gatito\Gatito.csproj", "{02715078-2084-4348-BFF3-8A80B558F67E}"
EndProject
Global
	GlobalSection(SolutionConfigurationPlatforms) = preSolution
		Debug|Any CPU = Debug|Any CPU
		Release|Any CPU = Release|Any CPU
	EndGlobalSection
	GlobalSection(ProjectConfigurationPlatforms) = postSolution
		{02715078-2084-4348-BFF3-8A80B558F67E}.Debug|Any CPU.ActiveCfg = Debug|Any CPU
		{02715078-2084-4348-BFF3-8A80B558F67E}.Debug|Any CPU.Build.0 = Debug|Any CPU
		{02715078-2084-4348-BFF3-8A80B558F67E}.Release|Any CPU.ActiveCfg = Release|Any CPU
		{02715078-2084-4348-BFF3-8A80B558F67E}.Release|Any CPU.Build.0 = Release|Any CPU
	EndGlobalSection
	GlobalSection(SolutionProperties) = preSolution
		HideSolutionNode = FALSE
	EndGlobalSection
	GlobalSection(ExtensibilityGlobals) = postSolution
		SolutionGuid = {0D21C24D-3CE9-45DB-A1BA-A0011F320E84}
	EndGlobalSection
EndGlobal
